
Microsoft Visual Studio Solution File, Format Version 12.00
# Visual Studio Version 17
VisualStudioVersion = 17.10.35013.160
MinimumVisualStudioVersion = 10.0.40219.1
Project("{9A19103F-16F7-4668-BE54-9A1E7A4F7556}") = "Api.Client.MyAnimeList", "Api.Client.MyAnimeList\Api.Client.MyAnimeList.csproj", "{37C32F5A-BC8A-461F-8582-ADE031436E3D}"
EndProject
Project("{9A19103F-16F7-4668-BE54-9A1E7A4F7556}") = "Test.MyAnimeListApi", "Test.MyAnimeListApi\Test.MyAnimeListApi.csproj", "{3531A8E6-0721-400E-9CD3-44247DB145F1}"
EndProject
Project("{2150E333-8FDC-42A3-9474-1A3956D46DE8}") = "Elementos de la solución", "Elementos de la solución", "{59A373E0-1095-4760-B5C9-F67E177A555D}"
	ProjectSection(SolutionItems) = preProject
		LICENSE = LICENSE
		README.md = README.md
	EndProjectSection
EndProject
Global
	GlobalSection(SolutionConfigurationPlatforms) = preSolution
		Debug|Any CPU = Debug|Any CPU
		Release|Any CPU = Release|Any CPU
	EndGlobalSection
	GlobalSection(ProjectConfigurationPlatforms) = postSolution
		{37C32F5A-BC8A-461F-8582-ADE031436E3D}.Debug|Any CPU.ActiveCfg = Debug|Any CPU
		{37C32F5A-BC8A-461F-8582-ADE031436E3D}.Debug|Any CPU.Build.0 = Debug|Any CPU
		{37C32F5A-BC8A-461F-8582-ADE031436E3D}.Release|Any CPU.ActiveCfg = Release|Any CPU
		{37C32F5A-BC8A-461F-8582-ADE031436E3D}.Release|Any CPU.Build.0 = Release|Any CPU
		{3531A8E6-0721-400E-9CD3-44247DB145F1}.Debug|Any CPU.ActiveCfg = Debug|Any CPU
		{3531A8E6-0721-400E-9CD3-44247DB145F1}.Debug|Any CPU.Build.0 = Debug|Any CPU
		{3531A8E6-0721-400E-9CD3-44247DB145F1}.Release|Any CPU.ActiveCfg = Release|Any CPU
		{3531A8E6-0721-400E-9CD3-44247DB145F1}.Release|Any CPU.Build.0 = Release|Any CPU
	EndGlobalSection
	GlobalSection(SolutionProperties) = preSolution
		HideSolutionNode = FALSE
	EndGlobalSection
	GlobalSection(ExtensibilityGlobals) = postSolution
		SolutionGuid = {49281ECD-E674-4DE2-B52E-3FD762B4F22E}
	EndGlobalSection
EndGlobal
